// !$*UTF8*$!
{
	archiveVersion = 1;
	classes = {
	};
	objectVersion = 50;
	objects = {

/* Begin PBXBuildFile section */
		42A9510E247EBF7E00DDA406 /* p026.cpp in Sources */ = {isa = PBXBuildFile; fileRef = 42A9510C247EBF7E00DDA406 /* p026.cpp */; };
		42DA5C78247AC3FB00AC212B /* main.cpp in Sources */ = {isa = PBXBuildFile; fileRef = 42DA5C77247AC3FB00AC212B /* main.cpp */; };
		42DA5C85247AC48A00AC212B /* p021.cpp in Sources */ = {isa = PBXBuildFile; fileRef = 42DA5C83247AC48A00AC212B /* p021.cpp */; };
		42DA5CAE247D679C00AC212B /* p023.cpp in Sources */ = {isa = PBXBuildFile; fileRef = 42DA5CAC247D679C00AC212B /* p023.cpp */; };
		42DA5CB1247D68E900AC212B /* template.cpp in Sources */ = {isa = PBXBuildFile; fileRef = 42DA5CB0247D68E900AC212B /* template.cpp */; };
/* End PBXBuildFile section */

/* Begin PBXCopyFilesBuildPhase section */
		42DA5C72247AC3FB00AC212B /* CopyFiles */ = {
			isa = PBXCopyFilesBuildPhase;
			buildActionMask = 2147483647;
			dstPath = /usr/share/man/man1/;
			dstSubfolderSpec = 0;
			files = (
			);
			runOnlyForDeploymentPostprocessing = 1;
		};
/* End PBXCopyFilesBuildPhase section */

/* Begin PBXFileReference section */
		42A9510C247EBF7E00DDA406 /* p026.cpp */ = {isa = PBXFileReference; lastKnownFileType = sourcecode.cpp.cpp; path = p026.cpp; sourceTree = "<group>"; };
		42A9510D247EBF7E00DDA406 /* p026.hpp */ = {isa = PBXFileReference; lastKnownFileType = sourcecode.cpp.h; path = p026.hpp; sourceTree = "<group>"; };
		42DA5C74247AC3FB00AC212B /* ari2 */ = {isa = PBXFileReference; explicitFileType = "compiled.mach-o.executable"; includeInIndex = 0; path = ari2; sourceTree = BUILT_PRODUCTS_DIR; };
		42DA5C77247AC3FB00AC212B /* main.cpp */ = {isa = PBXFileReference; lastKnownFileType = sourcecode.cpp.cpp; path = main.cpp; sourceTree = "<group>"; };
		42DA5C83247AC48A00AC212B /* p021.cpp */ = {isa = PBXFileReference; lastKnownFileType = sourcecode.cpp.cpp; path = p021.cpp; sourceTree = "<group>"; };
		42DA5C84247AC48A00AC212B /* p021.hpp */ = {isa = PBXFileReference; lastKnownFileType = sourcecode.cpp.h; path = p021.hpp; sourceTree = "<group>"; };
		42DA5CAC247D679C00AC212B /* p023.cpp */ = {isa = PBXFileReference; lastKnownFileType = sourcecode.cpp.cpp; path = p023.cpp; sourceTree = "<group>"; };
		42DA5CAD247D679C00AC212B /* p023.hpp */ = {isa = PBXFileReference; lastKnownFileType = sourcecode.cpp.h; path = p023.hpp; sourceTree = "<group>"; };
		42DA5CB0247D68E900AC212B /* template.cpp */ = {isa = PBXFileReference; lastKnownFileType = sourcecode.cpp.cpp; path = template.cpp; sourceTree = "<group>"; };
/* End PBXFileReference section */

/* Begin PBXFrameworksBuildPhase section */
		42DA5C71247AC3FB00AC212B /* Frameworks */ = {
			isa = PBXFrameworksBuildPhase;
			buildActionMask = 2147483647;
			files = (
			);
			runOnlyForDeploymentPostprocessing = 0;
		};
/* End PBXFrameworksBuildPhase section */

/* Begin PBXGroup section */
		42A9510B247EBF4C00DDA406 /* p026 */ = {
			isa = PBXGroup;
			children = (
				42A9510C247EBF7E00DDA406 /* p026.cpp */,
				42A9510D247EBF7E00DDA406 /* p026.hpp */,
			);
			path = p026;
			sourceTree = "<group>";
		};
		42DA5C6B247AC3FB00AC212B = {
			isa = PBXGroup;
			children = (
				42DA5C76247AC3FB00AC212B /* ari2 */,
				42DA5C75247AC3FB00AC212B /* Products */,
			);
			sourceTree = "<group>";
		};
		42DA5C75247AC3FB00AC212B /* Products */ = {
			isa = PBXGroup;
			children = (
				42DA5C74247AC3FB00AC212B /* ari2 */,
			);
			name = Products;
			sourceTree = "<group>";
		};
		42DA5C76247AC3FB00AC212B /* ari2 */ = {
			isa = PBXGroup;
			children = (
				42A9510B247EBF4C00DDA406 /* p026 */,
				42DA5CAB247D678000AC212B /* p023 */,
				42DA5CAA247D677000AC212B /* p021 */,
				42DA5C77247AC3FB00AC212B /* main.cpp */,
				42DA5CB0247D68E900AC212B /* template.cpp */,
			);
			path = ari2;
			sourceTree = "<group>";
		};
		42DA5CAA247D677000AC212B /* p021 */ = {
			isa = PBXGroup;
			children = (
				42DA5C83247AC48A00AC212B /* p021.cpp */,
				42DA5C84247AC48A00AC212B /* p021.hpp */,
			);
			path = p021;
			sourceTree = "<group>";
		};
		42DA5CAB247D678000AC212B /* p023 */ = {
			isa = PBXGroup;
			children = (
				42DA5CAC247D679C00AC212B /* p023.cpp */,
				42DA5CAD247D679C00AC212B /* p023.hpp */,
			);
			path = p023;
			sourceTree = "<group>";
		};
/* End PBXGroup section */

/* Begin PBXNativeTarget section */
		42DA5C73247AC3FB00AC212B /* ari2 */ = {
			isa = PBXNativeTarget;
			buildConfigurationList = 42DA5C7B247AC3FB00AC212B /* Build configuration list for PBXNativeTarget "ari2" */;
			buildPhases = (
				42DA5C70247AC3FB00AC212B /* Sources */,
				42DA5C71247AC3FB00AC212B /* Frameworks */,
				42DA5C72247AC3FB00AC212B /* CopyFiles */,
			);
			buildRules = (
			);
			dependencies = (
			);
			name = ari2;
			productName = ari2;
			productReference = 42DA5C74247AC3FB00AC212B /* ari2 */;
			productType = "com.apple.product-type.tool";
		};
/* End PBXNativeTarget section */

/* Begin PBXProject section */
		42DA5C6C247AC3FB00AC212B /* Project object */ = {
			isa = PBXProject;
			attributes = {
				LastUpgradeCheck = 1150;
				ORGANIZATIONNAME = hira;
				TargetAttributes = {
					42DA5C73247AC3FB00AC212B = {
						CreatedOnToolsVersion = 11.5;
					};
				};
			};
			buildConfigurationList = 42DA5C6F247AC3FB00AC212B /* Build configuration list for PBXProject "ari2" */;
			compatibilityVersion = "Xcode 9.3";
			developmentRegion = en;
			hasScannedForEncodings = 0;
			knownRegions = (
				en,
				Base,
			);
			mainGroup = 42DA5C6B247AC3FB00AC212B;
			productRefGroup = 42DA5C75247AC3FB00AC212B /* Products */;
			projectDirPath = "";
			projectRoot = "";
			targets = (
				42DA5C73247AC3FB00AC212B /* ari2 */,
			);
		};
/* End PBXProject section */

/* Begin PBXSourcesBuildPhase section */
		42DA5C70247AC3FB00AC212B /* Sources */ = {
			isa = PBXSourcesBuildPhase;
			buildActionMask = 2147483647;
			files = (
				42DA5C85247AC48A00AC212B /* p021.cpp in Sources */,
				42DA5CB1247D68E900AC212B /* template.cpp in Sources */,
				42DA5C78247AC3FB00AC212B /* main.cpp in Sources */,
				42A9510E247EBF7E00DDA406 /* p026.cpp in Sources */,
				42DA5CAE247D679C00AC212B /* p023.cpp in Sources */,
			);
			runOnlyForDeploymentPostprocessing = 0;
		};
/* End PBXSourcesBuildPhase section */

/* Begin XCBuildConfiguration section */
		42DA5C79247AC3FB00AC212B /* Debug */ = {
			isa = XCBuildConfiguration;
			buildSettings = {
				ALWAYS_SEARCH_USER_PATHS = NO;
				CLANG_ANALYZER_NONNULL = YES;
				CLANG_ANALYZER_NUMBER_OBJECT_CONVERSION = YES_AGGRESSIVE;
				CLANG_CXX_LANGUAGE_STANDARD = "gnu++14";
				CLANG_CXX_LIBRARY = "libc++";
				CLANG_ENABLE_MODULES = YES;
				CLANG_ENABLE_OBJC_ARC = YES;
				CLANG_ENABLE_OBJC_WEAK = YES;
				CLANG_WARN_BLOCK_CAPTURE_AUTORELEASING = YES;
				CLANG_WARN_BOOL_CONVERSION = YES;
				CLANG_WARN_COMMA = YES;
				CLANG_WARN_CONSTANT_CONVERSION = YES;
				CLANG_WARN_DEPRECATED_OBJC_IMPLEMENTATIONS = YES;
				CLANG_WARN_DIRECT_OBJC_ISA_USAGE = YES_ERROR;
				CLANG_WARN_DOCUMENTATION_COMMENTS = YES;
				CLANG_WARN_EMPTY_BODY = YES;
				CLANG_WARN_ENUM_CONVERSION = YES;
				CLANG_WARN_INFINITE_RECURSION = YES;
				CLANG_WARN_INT_CONVERSION = YES;
				CLANG_WARN_NON_LITERAL_NULL_CONVERSION = YES;
				CLANG_WARN_OBJC_IMPLICIT_RETAIN_SELF = YES;
				CLANG_WARN_OBJC_LITERAL_CONVERSION = YES;
				CLANG_WARN_OBJC_ROOT_CLASS = YES_ERROR;
				CLANG_WARN_RANGE_LOOP_ANALYSIS = YES;
				CLANG_WARN_STRICT_PROTOTYPES = YES;
				CLANG_WARN_SUSPICIOUS_MOVE = YES;
				CLANG_WARN_UNGUARDED_AVAILABILITY = YES_AGGRESSIVE;
				CLANG_WARN_UNREACHABLE_CODE = YES;
				CLANG_WARN__DUPLICATE_METHOD_MATCH = YES;
				COPY_PHASE_STRIP = NO;
				DEBUG_INFORMATION_FORMAT = dwarf;
				ENABLE_STRICT_OBJC_MSGSEND = YES;
				ENABLE_TESTABILITY = YES;
				GCC_C_LANGUAGE_STANDARD = gnu11;
				GCC_DYNAMIC_NO_PIC = NO;
				GCC_NO_COMMON_BLOCKS = YES;
				GCC_OPTIMIZATION_LEVEL = 0;
				GCC_PREPROCESSOR_DEFINITIONS = (
					"DEBUG=1",
					"$(inherited)",
				);
				GCC_WARN_64_TO_32_BIT_CONVERSION = YES;
				GCC_WARN_ABOUT_RETURN_TYPE = YES_ERROR;
				GCC_WARN_UNDECLARED_SELECTOR = YES;
				GCC_WARN_UNINITIALIZED_AUTOS = YES_AGGRESSIVE;
				GCC_WARN_UNUSED_FUNCTION = YES;
				GCC_WARN_UNUSED_VARIABLE = YES;
				MACOSX_DEPLOYMENT_TARGET = 10.15;
				MTL_ENABLE_DEBUG_INFO = INCLUDE_SOURCE;
				MTL_FAST_MATH = YES;
				ONLY_ACTIVE_ARCH = YES;
				SDKROOT = macosx;
			};
			name = Debug;
		};
		42DA5C7A247AC3FB00AC212B /* Release */ = {
			isa = XCBuildConfiguration;
			buildSettings = {
				ALWAYS_SEARCH_USER_PATHS = NO;
				CLANG_ANALYZER_NONNULL = YES;
				CLANG_ANALYZER_NUMBER_OBJECT_CONVERSION = YES_AGGRESSIVE;
				CLANG_CXX_LANGUAGE_STANDARD = "gnu++14";
				CLANG_CXX_LIBRARY = "libc++";
				CLANG_ENABLE_MODULES = YES;
				CLANG_ENABLE_OBJC_ARC = YES;
				CLANG_ENABLE_OBJC_WEAK = YES;
				CLANG_WARN_BLOCK_CAPTURE_AUTORELEASING = YES;
				CLANG_WARN_BOOL_CONVERSION = YES;
				CLANG_WARN_COMMA = YES;
				CLANG_WARN_CONSTANT_CONVERSION = YES;
				CLANG_WARN_DEPRECATED_OBJC_IMPLEMENTATIONS = YES;
				CLANG_WARN_DIRECT_OBJC_ISA_USAGE = YES_ERROR;
				CLANG_WARN_DOCUMENTATION_COMMENTS = YES;
				CLANG_WARN_EMPTY_BODY = YES;
				CLANG_WARN_ENUM_CONVERSION = YES;
				CLANG_WARN_INFINITE_RECURSION = YES;
				CLANG_WARN_INT_CONVERSION = YES;
				CLANG_WARN_NON_LITERAL_NULL_CONVERSION = YES;
				CLANG_WARN_OBJC_IMPLICIT_RETAIN_SELF = YES;
				CLANG_WARN_OBJC_LITERAL_CONVERSION = YES;
				CLANG_WARN_OBJC_ROOT_CLASS = YES_ERROR;
				CLANG_WARN_RANGE_LOOP_ANALYSIS = YES;
				CLANG_WARN_STRICT_PROTOTYPES = YES;
				CLANG_WARN_SUSPICIOUS_MOVE = YES;
				CLANG_WARN_UNGUARDED_AVAILABILITY = YES_AGGRESSIVE;
				CLANG_WARN_UNREACHABLE_CODE = YES;
				CLANG_WARN__DUPLICATE_METHOD_MATCH = YES;
				COPY_PHASE_STRIP = NO;
				DEBUG_INFORMATION_FORMAT = "dwarf-with-dsym";
				ENABLE_NS_ASSERTIONS = NO;
				ENABLE_STRICT_OBJC_MSGSEND = YES;
				GCC_C_LANGUAGE_STANDARD = gnu11;
				GCC_NO_COMMON_BLOCKS = YES;
				GCC_WARN_64_TO_32_BIT_CONVERSION = YES;
				GCC_WARN_ABOUT_RETURN_TYPE = YES_ERROR;
				GCC_WARN_UNDECLARED_SELECTOR = YES;
				GCC_WARN_UNINITIALIZED_AUTOS = YES_AGGRESSIVE;
				GCC_WARN_UNUSED_FUNCTION = YES;
				GCC_WARN_UNUSED_VARIABLE = YES;
				MACOSX_DEPLOYMENT_TARGET = 10.15;
				MTL_ENABLE_DEBUG_INFO = NO;
				MTL_FAST_MATH = YES;
				SDKROOT = macosx;
			};
			name = Release;
		};
		42DA5C7C247AC3FB00AC212B /* Debug */ = {
			isa = XCBuildConfiguration;
			buildSettings = {
				CODE_SIGN_STYLE = Manual;
				DEVELOPMENT_TEAM = "";
				ENABLE_HARDENED_RUNTIME = YES;
				PRODUCT_NAME = "$(TARGET_NAME)";
				PROVISIONING_PROFILE_SPECIFIER = "";
			};
			name = Debug;
		};
		42DA5C7D247AC3FB00AC212B /* Release */ = {
			isa = XCBuildConfiguration;
			buildSettings = {
				CODE_SIGN_STYLE = Manual;
				DEVELOPMENT_TEAM = "";
				ENABLE_HARDENED_RUNTIME = YES;
				PRODUCT_NAME = "$(TARGET_NAME)";
				PROVISIONING_PROFILE_SPECIFIER = "";
			};
			name = Release;
		};
/* End XCBuildConfiguration section */

/* Begin XCConfigurationList section */
		42DA5C6F247AC3FB00AC212B /* Build configuration list for PBXProject "ari2" */ = {
			isa = XCConfigurationList;
			buildConfigurations = (
				42DA5C79247AC3FB00AC212B /* Debug */,
				42DA5C7A247AC3FB00AC212B /* Release */,
			);
			defaultConfigurationIsVisible = 0;
			defaultConfigurationName = Release;
		};
		42DA5C7B247AC3FB00AC212B /* Build configuration list for PBXNativeTarget "ari2" */ = {
			isa = XCConfigurationList;
			buildConfigurations = (
				42DA5C7C247AC3FB00AC212B /* Debug */,
				42DA5C7D247AC3FB00AC212B /* Release */,
			);
			defaultConfigurationIsVisible = 0;
			defaultConfigurationName = Release;
		};
/* End XCConfigurationList section */
	};
	rootObject = 42DA5C6C247AC3FB00AC212B /* Project object */;
}
